
Microsoft Visual Studio Solution File, Format Version 12.00
# Visual Studio 15
VisualStudioVersion = 15.0.28307.168
MinimumVisualStudioVersion = 10.0.40219.1
Project("{FAE04EC0-301F-11D3-BF4B-00C04F79EFBC}") = "Btips MVC", "Btips MVC\Btips MVC.csproj", "{9232BD80-DE5D-4E34-9E1F-328A1B9AAFF1}"
EndProject
Global
	GlobalSection(SolutionConfigurationPlatforms) = preSolution
		Debug|Any CPU = Debug|Any CPU
		Release|Any CPU = Release|Any CPU
	EndGlobalSection
	GlobalSection(ProjectConfigurationPlatforms) = postSolution
		{9232BD80-DE5D-4E34-9E1F-328A1B9AAFF1}.Debug|Any CPU.ActiveCfg = Debug|Any CPU
		{9232BD80-DE5D-4E34-9E1F-328A1B9AAFF1}.Debug|Any CPU.Build.0 = Debug|Any CPU
		{9232BD80-DE5D-4E34-9E1F-328A1B9AAFF1}.Release|Any CPU.ActiveCfg = Release|Any CPU
		{9232BD80-DE5D-4E34-9E1F-328A1B9AAFF1}.Release|Any CPU.Build.0 = Release|Any CPU
	EndGlobalSection
	GlobalSection(SolutionProperties) = preSolution
		HideSolutionNode = FALSE
	EndGlobalSection
	GlobalSection(ExtensibilityGlobals) = postSolution
		SolutionGuid = {0CDA1316-BAEA-4213-8F81-A3AD388CF28C}
	EndGlobalSection
EndGlobal
